
Microsoft Visual Studio Solution File, Format Version 12.00
# Visual Studio 15
VisualStudioVersion = 15.0.28307.645
MinimumVisualStudioVersion = 10.0.40219.1
Project("{FAE04EC0-301F-11D3-BF4B-00C04F79EFBC}") = "AngularJSSession2", "AngularJSSession2\AngularJSSession2.csproj", "{46CE4223-9208-41B0-BB0E-D14359A82D78}"
EndProject
Global
	GlobalSection(SolutionConfigurationPlatforms) = preSolution
		Debug|Any CPU = Debug|Any CPU
		Release|Any CPU = Release|Any CPU
	EndGlobalSection
	GlobalSection(ProjectConfigurationPlatforms) = postSolution
		{46CE4223-9208-41B0-BB0E-D14359A82D78}.Debug|Any CPU.ActiveCfg = Debug|Any CPU
		{46CE4223-9208-41B0-BB0E-D14359A82D78}.Debug|Any CPU.Build.0 = Debug|Any CPU
		{46CE4223-9208-41B0-BB0E-D14359A82D78}.Release|Any CPU.ActiveCfg = Release|Any CPU
		{46CE4223-9208-41B0-BB0E-D14359A82D78}.Release|Any CPU.Build.0 = Release|Any CPU
	EndGlobalSection
	GlobalSection(SolutionProperties) = preSolution
		HideSolutionNode = FALSE
	EndGlobalSection
	GlobalSection(ExtensibilityGlobals) = postSolution
		SolutionGuid = {A42E635C-0DBE-4B6C-85DB-AACC4A16B10A}
	EndGlobalSection
EndGlobal
