
Microsoft Visual Studio Solution File, Format Version 12.00
# Visual Studio Version 16
VisualStudioVersion = 16.0.30611.23
MinimumVisualStudioVersion = 10.0.40219.1
Project("{FAE04EC0-301F-11D3-BF4B-00C04F79EFBC}") = "AngularJSPractices", "AngularJSPractices\AngularJSPractices.csproj", "{4D457A81-9CBD-4D99-99C0-E6A03CD7CFDD}"
EndProject
Global
	GlobalSection(SolutionConfigurationPlatforms) = preSolution
		Debug|Any CPU = Debug|Any CPU
		Release|Any CPU = Release|Any CPU
	EndGlobalSection
	GlobalSection(ProjectConfigurationPlatforms) = postSolution
		{4D457A81-9CBD-4D99-99C0-E6A03CD7CFDD}.Debug|Any CPU.ActiveCfg = Debug|Any CPU
		{4D457A81-9CBD-4D99-99C0-E6A03CD7CFDD}.Debug|Any CPU.Build.0 = Debug|Any CPU
		{4D457A81-9CBD-4D99-99C0-E6A03CD7CFDD}.Release|Any CPU.ActiveCfg = Release|Any CPU
		{4D457A81-9CBD-4D99-99C0-E6A03CD7CFDD}.Release|Any CPU.Build.0 = Release|Any CPU
	EndGlobalSection
	GlobalSection(SolutionProperties) = preSolution
		HideSolutionNode = FALSE
	EndGlobalSection
	GlobalSection(ExtensibilityGlobals) = postSolution
		SolutionGuid = {18DFC031-0C97-44B4-8BE2-7EF895C03A1E}
	EndGlobalSection
EndGlobal
