
Microsoft Visual Studio Solution File, Format Version 12.00
# Visual Studio Version 16
VisualStudioVersion = 16.0.29411.108
MinimumVisualStudioVersion = 10.0.40219.1
Project("{FAE04EC0-301F-11D3-BF4B-00C04F79EFBC}") = "AngularSignalRDemo", "AngularSignalRDemo\AngularSignalRDemo.csproj", "{98629504-A345-47F4-BE03-B6CCEBAC055F}"
EndProject
Project("{FAE04EC0-301F-11D3-BF4B-00C04F79EFBC}") = "AngularSignalRDemo.Core", "AngularSignalRDemo.Core\AngularSignalRDemo.Core.csproj", "{486DF8A3-837E-4159-96CA-C16FE4A848B6}"
EndProject
Project("{FAE04EC0-301F-11D3-BF4B-00C04F79EFBC}") = "AngularSignalRDemo.Services", "AngularSignalRDemo.Services\AngularSignalRDemo.Services.csproj", "{07898A0B-6BAF-4DB0-84F2-A5FED903A8A5}"
EndProject
Global
	GlobalSection(SolutionConfigurationPlatforms) = preSolution
		Debug|Any CPU = Debug|Any CPU
		Release|Any CPU = Release|Any CPU
	EndGlobalSection
	GlobalSection(ProjectConfigurationPlatforms) = postSolution
		{98629504-A345-47F4-BE03-B6CCEBAC055F}.Debug|Any CPU.ActiveCfg = Debug|Any CPU
		{98629504-A345-47F4-BE03-B6CCEBAC055F}.Debug|Any CPU.Build.0 = Debug|Any CPU
		{98629504-A345-47F4-BE03-B6CCEBAC055F}.Release|Any CPU.ActiveCfg = Release|Any CPU
		{98629504-A345-47F4-BE03-B6CCEBAC055F}.Release|Any CPU.Build.0 = Release|Any CPU
		{486DF8A3-837E-4159-96CA-C16FE4A848B6}.Debug|Any CPU.ActiveCfg = Debug|Any CPU
		{486DF8A3-837E-4159-96CA-C16FE4A848B6}.Debug|Any CPU.Build.0 = Debug|Any CPU
		{486DF8A3-837E-4159-96CA-C16FE4A848B6}.Release|Any CPU.ActiveCfg = Release|Any CPU
		{486DF8A3-837E-4159-96CA-C16FE4A848B6}.Release|Any CPU.Build.0 = Release|Any CPU
		{07898A0B-6BAF-4DB0-84F2-A5FED903A8A5}.Debug|Any CPU.ActiveCfg = Debug|Any CPU
		{07898A0B-6BAF-4DB0-84F2-A5FED903A8A5}.Debug|Any CPU.Build.0 = Debug|Any CPU
		{07898A0B-6BAF-4DB0-84F2-A5FED903A8A5}.Release|Any CPU.ActiveCfg = Release|Any CPU
		{07898A0B-6BAF-4DB0-84F2-A5FED903A8A5}.Release|Any CPU.Build.0 = Release|Any CPU
	EndGlobalSection
	GlobalSection(SolutionProperties) = preSolution
		HideSolutionNode = FALSE
	EndGlobalSection
	GlobalSection(ExtensibilityGlobals) = postSolution
		SolutionGuid = {AB298DC4-BAA9-4465-A62E-26ED0F6D1186}
	EndGlobalSection
EndGlobal
